
Microsoft Visual Studio Solution File, Format Version 12.00
# Visual Studio Version 17
VisualStudioVersion = 17.8.34330.188
MinimumVisualStudioVersion = 10.0.40219.1
Project("{FAE04EC0-301F-11D3-BF4B-00C04F79EFBC}") = "HackerRankTest", "HackerRankTest\HackerRankTest.csproj", "{662E627F-F2DC-48D7-90F3-6D9DD4D55A6E}"
EndProject
Global
	GlobalSection(SolutionConfigurationPlatforms) = preSolution
		Debug|Any CPU = Debug|Any CPU
		Release|Any CPU = Release|Any CPU
	EndGlobalSection
	GlobalSection(ProjectConfigurationPlatforms) = postSolution
		{662E627F-F2DC-48D7-90F3-6D9DD4D55A6E}.Debug|Any CPU.ActiveCfg = Debug|Any CPU
		{662E627F-F2DC-48D7-90F3-6D9DD4D55A6E}.Debug|Any CPU.Build.0 = Debug|Any CPU
		{662E627F-F2DC-48D7-90F3-6D9DD4D55A6E}.Release|Any CPU.ActiveCfg = Release|Any CPU
		{662E627F-F2DC-48D7-90F3-6D9DD4D55A6E}.Release|Any CPU.Build.0 = Release|Any CPU
	EndGlobalSection
	GlobalSection(SolutionProperties) = preSolution
		HideSolutionNode = FALSE
	EndGlobalSection
	GlobalSection(ExtensibilityGlobals) = postSolution
		SolutionGuid = {BD8D1D83-A86E-40D4-BBA7-666B14E8BEBF}
	EndGlobalSection
EndGlobal
