
Microsoft Visual Studio Solution File, Format Version 12.00
# Visual Studio Version 17
VisualStudioVersion = 17.8.34330.188
MinimumVisualStudioVersion = 10.0.40219.1
Project("{FAE04EC0-301F-11D3-BF4B-00C04F79EFBC}") = "BirthdayCakeCandlesSolution", "BirthdayCakeCandlesSolution\BirthdayCakeCandlesSolution.csproj", "{029B03E0-32FC-448A-8729-EA2ADB320E24}"
EndProject
Global
	GlobalSection(SolutionConfigurationPlatforms) = preSolution
		Debug|Any CPU = Debug|Any CPU
		Release|Any CPU = Release|Any CPU
	EndGlobalSection
	GlobalSection(ProjectConfigurationPlatforms) = postSolution
		{029B03E0-32FC-448A-8729-EA2ADB320E24}.Debug|Any CPU.ActiveCfg = Debug|Any CPU
		{029B03E0-32FC-448A-8729-EA2ADB320E24}.Debug|Any CPU.Build.0 = Debug|Any CPU
		{029B03E0-32FC-448A-8729-EA2ADB320E24}.Release|Any CPU.ActiveCfg = Release|Any CPU
		{029B03E0-32FC-448A-8729-EA2ADB320E24}.Release|Any CPU.Build.0 = Release|Any CPU
	EndGlobalSection
	GlobalSection(SolutionProperties) = preSolution
		HideSolutionNode = FALSE
	EndGlobalSection
	GlobalSection(ExtensibilityGlobals) = postSolution
		SolutionGuid = {B8C025ED-30D1-47A8-8272-B602D4A61AA6}
	EndGlobalSection
EndGlobal
