
Microsoft Visual Studio Solution File, Format Version 12.00
# Visual Studio Version 17
VisualStudioVersion = 17.10.35013.160
MinimumVisualStudioVersion = 10.0.40219.1
Project("{FAE04EC0-301F-11D3-BF4B-00C04F79EFBC}") = "Sock-Merchant", "Sock-Merchant\Sock-Merchant.csproj", "{ED5B762C-406C-4023-898D-806BEE48527D}"
EndProject
Global
	GlobalSection(SolutionConfigurationPlatforms) = preSolution
		Debug|Any CPU = Debug|Any CPU
		Release|Any CPU = Release|Any CPU
	EndGlobalSection
	GlobalSection(ProjectConfigurationPlatforms) = postSolution
		{ED5B762C-406C-4023-898D-806BEE48527D}.Debug|Any CPU.ActiveCfg = Debug|Any CPU
		{ED5B762C-406C-4023-898D-806BEE48527D}.Debug|Any CPU.Build.0 = Debug|Any CPU
		{ED5B762C-406C-4023-898D-806BEE48527D}.Release|Any CPU.ActiveCfg = Release|Any CPU
		{ED5B762C-406C-4023-898D-806BEE48527D}.Release|Any CPU.Build.0 = Release|Any CPU
	EndGlobalSection
	GlobalSection(SolutionProperties) = preSolution
		HideSolutionNode = FALSE
	EndGlobalSection
	GlobalSection(ExtensibilityGlobals) = postSolution
		SolutionGuid = {82A0D8C7-F58B-4751-BE76-4A03761F728B}
	EndGlobalSection
EndGlobal
