
Microsoft Visual Studio Solution File, Format Version 12.00
# Visual Studio Version 17
VisualStudioVersion = 17.10.35013.160
MinimumVisualStudioVersion = 10.0.40219.1
Project("{FAE04EC0-301F-11D3-BF4B-00C04F79EFBC}") = "MergeSortedArray", "MergeSortedArray\MergeSortedArray.csproj", "{3846B517-98A1-4F14-849A-FFB5C2A81107}"
EndProject
Global
	GlobalSection(SolutionConfigurationPlatforms) = preSolution
		Debug|Any CPU = Debug|Any CPU
		Release|Any CPU = Release|Any CPU
	EndGlobalSection
	GlobalSection(ProjectConfigurationPlatforms) = postSolution
		{3846B517-98A1-4F14-849A-FFB5C2A81107}.Debug|Any CPU.ActiveCfg = Debug|Any CPU
		{3846B517-98A1-4F14-849A-FFB5C2A81107}.Debug|Any CPU.Build.0 = Debug|Any CPU
		{3846B517-98A1-4F14-849A-FFB5C2A81107}.Release|Any CPU.ActiveCfg = Release|Any CPU
		{3846B517-98A1-4F14-849A-FFB5C2A81107}.Release|Any CPU.Build.0 = Release|Any CPU
	EndGlobalSection
	GlobalSection(SolutionProperties) = preSolution
		HideSolutionNode = FALSE
	EndGlobalSection
	GlobalSection(ExtensibilityGlobals) = postSolution
		SolutionGuid = {EFE9CE27-FE48-4E07-BCE2-988DCFDE0CEE}
	EndGlobalSection
EndGlobal
