
Microsoft Visual Studio Solution File, Format Version 12.00
# Visual Studio Version 16
VisualStudioVersion = 25.0.1706.1
MinimumVisualStudioVersion = 10.0.40219.1
Project("{FAE04EC0-301F-11D3-BF4B-00C04F79EFBC}") = "PromlemSolvingLeetCode", "PromlemSolvingLeetCode\PromlemSolvingLeetCode.csproj", "{8E5E81C9-656B-44A2-AF44-A64747C8E6CC}"
EndProject
Global
	GlobalSection(SolutionConfigurationPlatforms) = preSolution
		Debug|Any CPU = Debug|Any CPU
		Release|Any CPU = Release|Any CPU
	EndGlobalSection
	GlobalSection(ProjectConfigurationPlatforms) = postSolution
		{8E5E81C9-656B-44A2-AF44-A64747C8E6CC}.Debug|Any CPU.ActiveCfg = Debug|Any CPU
		{8E5E81C9-656B-44A2-AF44-A64747C8E6CC}.Debug|Any CPU.Build.0 = Debug|Any CPU
		{8E5E81C9-656B-44A2-AF44-A64747C8E6CC}.Release|Any CPU.ActiveCfg = Release|Any CPU
		{8E5E81C9-656B-44A2-AF44-A64747C8E6CC}.Release|Any CPU.Build.0 = Release|Any CPU
	EndGlobalSection
	GlobalSection(SolutionProperties) = preSolution
		HideSolutionNode = FALSE
	EndGlobalSection
	GlobalSection(ExtensibilityGlobals) = postSolution
		SolutionGuid = {64E6B14A-0AE4-4A0D-BA47-3EDFF3DCDD67}
	EndGlobalSection
EndGlobal
