
Microsoft Visual Studio Solution File, Format Version 12.00
# Visual Studio Version 17
VisualStudioVersion = 17.8.34330.188
MinimumVisualStudioVersion = 10.0.40219.1
Project("{FAE04EC0-301F-11D3-BF4B-00C04F79EFBC}") = "NumberLineJumpsSolution", "NumberLineJumpsSolution\NumberLineJumpsSolution.csproj", "{515D9B85-BDD1-4B7F-9F0F-F0A939D0FA02}"
EndProject
Global
	GlobalSection(SolutionConfigurationPlatforms) = preSolution
		Debug|Any CPU = Debug|Any CPU
		Release|Any CPU = Release|Any CPU
	EndGlobalSection
	GlobalSection(ProjectConfigurationPlatforms) = postSolution
		{515D9B85-BDD1-4B7F-9F0F-F0A939D0FA02}.Debug|Any CPU.ActiveCfg = Debug|Any CPU
		{515D9B85-BDD1-4B7F-9F0F-F0A939D0FA02}.Debug|Any CPU.Build.0 = Debug|Any CPU
		{515D9B85-BDD1-4B7F-9F0F-F0A939D0FA02}.Release|Any CPU.ActiveCfg = Release|Any CPU
		{515D9B85-BDD1-4B7F-9F0F-F0A939D0FA02}.Release|Any CPU.Build.0 = Release|Any CPU
	EndGlobalSection
	GlobalSection(SolutionProperties) = preSolution
		HideSolutionNode = FALSE
	EndGlobalSection
	GlobalSection(ExtensibilityGlobals) = postSolution
		SolutionGuid = {E3619909-989D-4865-8CC0-CF079E9EA855}
	EndGlobalSection
EndGlobal
